
Microsoft Visual Studio Solution File, Format Version 12.00
# Visual Studio Version 17
VisualStudioVersion = 17.2.32602.215
MinimumVisualStudioVersion = 10.0.40219.1
Project("{8BC9CEB8-8B4A-11D0-8D11-00A0C91BC942}") = "Emoji飞机大战", "Emoji飞机大战.vcxproj", "{E0CE1987-A8A3-4011-BF86-297194F0E15C}"
EndProject
Project("{54435603-DBB4-11D2-8724-00A0C9A8B90C}") = "Emoji-飞机大战的安装包", "..\Emoji-飞机大战的安装包\Emoji-飞机大战的安装包.vdproj", "{5498D645-8447-439A-AA93-9C6ECA8927A8}"
EndProject
Global
	GlobalSection(SolutionConfigurationPlatforms) = preSolution
		Debug|x64 = Debug|x64
		Debug|x86 = Debug|x86
		Release|x64 = Release|x64
		Release|x86 = Release|x86
	EndGlobalSection
	GlobalSection(ProjectConfigurationPlatforms) = postSolution
		{E0CE1987-A8A3-4011-BF86-297194F0E15C}.Debug|x64.ActiveCfg = Debug|x64
		{E0CE1987-A8A3-4011-BF86-297194F0E15C}.Debug|x64.Build.0 = Debug|x64
		{E0CE1987-A8A3-4011-BF86-297194F0E15C}.Debug|x86.ActiveCfg = Debug|Win32
		{E0CE1987-A8A3-4011-BF86-297194F0E15C}.Debug|x86.Build.0 = Debug|Win32
		{E0CE1987-A8A3-4011-BF86-297194F0E15C}.Release|x64.ActiveCfg = Release|x64
		{E0CE1987-A8A3-4011-BF86-297194F0E15C}.Release|x64.Build.0 = Release|x64
		{E0CE1987-A8A3-4011-BF86-297194F0E15C}.Release|x86.ActiveCfg = Release|Win32
		{E0CE1987-A8A3-4011-BF86-297194F0E15C}.Release|x86.Build.0 = Release|Win32
		{5498D645-8447-439A-AA93-9C6ECA8927A8}.Debug|x64.ActiveCfg = Debug
		{5498D645-8447-439A-AA93-9C6ECA8927A8}.Debug|x86.ActiveCfg = Debug
		{5498D645-8447-439A-AA93-9C6ECA8927A8}.Release|x64.ActiveCfg = Release
		{5498D645-8447-439A-AA93-9C6ECA8927A8}.Release|x86.ActiveCfg = Release
	EndGlobalSection
	GlobalSection(SolutionProperties) = preSolution
		HideSolutionNode = FALSE
	EndGlobalSection
	GlobalSection(ExtensibilityGlobals) = postSolution
		SolutionGuid = {1211955B-D67B-4EE3-A188-25A0F361400B}
	EndGlobalSection
EndGlobal
